PODS:
  - country_list_pick (0.0.1):
    - Flutter
  - Flutter (1.0.0)

DEPENDENCIES:
  - country_list_pick (from `.symlinks/plugins/country_list_pick/ios`)
  - Flutter (from `Flutter`)

EXTERNAL SOURCES:
  country_list_pick:
    :path: ".symlinks/plugins/country_list_pick/ios"
  Flutter:
    :path: Flutter

SPEC CHECKSUMS:
  country_list_pick: 15dde46ef0157b459a00e2747795278c104b437a
  Flutter: 0e3d915762c693b495b44d77113d4970485de6ec

PODFILE CHECKSUM: 1b66dae606f75376c5f2135a8290850eeb09ae83

COCOAPODS: 1.9.0.beta.3
